
Microsoft Visual Studio Solution File, Format Version 12.00
# Visual Studio 15
VisualStudioVersion = 15.0.28307.2092
MinimumVisualStudioVersion = 10.0.40219.1
Project("{8BC9CEB8-8B4A-11D0-8D11-00A0C91BC942}") = "6.36", "6.36\6.36.vcxproj", "{85D7A98E-FE7F-4887-96F5-88ADC9AD3C55}"
EndProject
Global
	GlobalSection(SolutionConfigurationPlatforms) = preSolution
		Debug|x64 = Debug|x64
		Debug|x86 = Debug|x86
		Release|x64 = Release|x64
		Release|x86 = Release|x86
	EndGlobalSection
	GlobalSection(ProjectConfigurationPlatforms) = postSolution
		{85D7A98E-FE7F-4887-96F5-88ADC9AD3C55}.Debug|x64.ActiveCfg = Debug|x64
		{85D7A98E-FE7F-4887-96F5-88ADC9AD3C55}.Debug|x64.Build.0 = Debug|x64
		{85D7A98E-FE7F-4887-96F5-88ADC9AD3C55}.Debug|x86.ActiveCfg = Debug|Win32
		{85D7A98E-FE7F-4887-96F5-88ADC9AD3C55}.Debug|x86.Build.0 = Debug|Win32
		{85D7A98E-FE7F-4887-96F5-88ADC9AD3C55}.Release|x64.ActiveCfg = Release|x64
		{85D7A98E-FE7F-4887-96F5-88ADC9AD3C55}.Release|x64.Build.0 = Release|x64
		{85D7A98E-FE7F-4887-96F5-88ADC9AD3C55}.Release|x86.ActiveCfg = Release|Win32
		{85D7A98E-FE7F-4887-96F5-88ADC9AD3C55}.Release|x86.Build.0 = Release|Win32
	EndGlobalSection
	GlobalSection(SolutionProperties) = preSolution
		HideSolutionNode = FALSE
	EndGlobalSection
	GlobalSection(ExtensibilityGlobals) = postSolution
		SolutionGuid = {DD879A8A-D108-4A5A-A4D1-A810EB7C0127}
	EndGlobalSection
EndGlobal
